{
  "name": "@pushrocks/webrequest",
  "version": "1.0.2",
  "lockfileVersion": 1,
  "requires": true,
  "dependencies": {
    "@pushrocks/smartdelay": {
      "version": "2.0.2",
      "resolved": "https://registry.npmjs.org/@pushrocks/smartdelay/-/smartdelay-2.0.2.tgz",
      "integrity": "sha512-4xf6tMKwZcxBynKgXrM4SQKgeASfRvx43LUmR5DkStp26ZHAsarCXUdKJS6y8QIPygEOTOCP8we97JAcCzBuMg==",
      "requires": {
        "@pushrocks/smartpromise": "^2.0.5"
      }
    },
    "@pushrocks/smartpromise": {
      "version": "2.0.5",
      "resolved": "https://registry.npmjs.org/@pushrocks/smartpromise/-/smartpromise-2.0.5.tgz",
      "integrity": "sha512-9j/chLtIiNkR0MDw7Mpxg9slxAVvAQwUZuiaPYX5KpHdKxQaHLI1VZ8IN0vPhwlfgNO4i4vGXV0wB8BvSDj03g=="
    }
  }
}
